
Microsoft Visual Studio Solution File, Format Version 12.00
# Visual Studio 15
VisualStudioVersion = 15.0.28307.1209
MinimumVisualStudioVersion = 10.0.40219.1
Project("{FAE04EC0-301F-11D3-BF4B-00C04F79EFBC}") = "CoffeeMachine.Services", "CoffeeMachine.Services\CoffeeMachine.Services.csproj", "{D9F4EDD3-210D-4318-BE34-DE636A9EF1F7}"
EndProject
Project("{FAE04EC0-301F-11D3-BF4B-00C04F79EFBC}") = "CoffeMachine.Models", "CoffeMachine.Models\CoffeMachine.Models.csproj", "{7FE4B8BC-A0EF-47D5-A356-4919798E479F}"
EndProject
Project("{FAE04EC0-301F-11D3-BF4B-00C04F79EFBC}") = "CoffeeMachine.Interfaces", "CoffeeMachine.Interfaces\CoffeeMachine.Interfaces.csproj", "{F415CF3A-0D16-4E8D-94AC-0D007227CF71}"
EndProject
Project("{FAE04EC0-301F-11D3-BF4B-00C04F79EFBC}") = "General.Logging", "General.Logging\General.Logging.csproj", "{CE5F1807-1BF4-48D4-92CE-5797E6B8EFAB}"
EndProject
Project("{FAE04EC0-301F-11D3-BF4B-00C04F79EFBC}") = "General.LoggingInterface", "General.loggingInterface\General.LoggingInterface.csproj", "{F585838A-1A5C-4B44-92CF-539CDDD2CDEC}"
EndProject
Project("{2150E333-8FDC-42A3-9474-1A3956D46DE8}") = "Logger", "Logger", "{977E3BE2-FA88-4526-A8BD-1851C23F5A50}"
EndProject
Project("{2150E333-8FDC-42A3-9474-1A3956D46DE8}") = "Dependency injector", "Dependency injector", "{AA92C8B1-E664-41E3-BFA0-39409155F452}"
EndProject
Project("{FAE04EC0-301F-11D3-BF4B-00C04F79EFBC}") = "General.ServiceLocation", "General.ServiceLocation\General.ServiceLocation.csproj", "{044E8C8F-C816-4077-BCE4-CA2DA73F8C96}"
EndProject
Project("{FAE04EC0-301F-11D3-BF4B-00C04F79EFBC}") = "CoffeeMachine.Bootstrapper", "CoffeeMachine.Bootstrapper\CoffeeMachine.Bootstrapper.csproj", "{F6CA11AF-BA04-4308-914D-EE2BA619A9FA}"
EndProject
Project("{FAE04EC0-301F-11D3-BF4B-00C04F79EFBC}") = "CoffeeMachine.DependencyInjector", "CoffeeMachine.DependencyInjector\CoffeeMachine.DependencyInjector.csproj", "{6B1BC8DC-E69A-4308-93DC-D06D51A77290}"
EndProject
Project("{FAE04EC0-301F-11D3-BF4B-00C04F79EFBC}") = "CoffeeMachine.DataProvider", "CoffeeMachine.DataProvider\CoffeeMachine.DataProvider.csproj", "{D9A8A283-5E84-45EA-AF4A-6E2B36075768}"
EndProject
Project("{FAE04EC0-301F-11D3-BF4B-00C04F79EFBC}") = "General.ToolBox", "General.ToolBox\General.ToolBox.csproj", "{326ACC56-7AB5-475C-89D7-FF94B3DCF9C6}"
EndProject
Project("{2150E333-8FDC-42A3-9474-1A3956D46DE8}") = "DBManager", "DBManager", "{96824FF3-2E48-401A-86EF-27CF1A9B42EE}"
EndProject
Project("{FAE04EC0-301F-11D3-BF4B-00C04F79EFBC}") = "CoffeeMachine.Data", "CoffeeMachine.Data\CoffeeMachine.Data.csproj", "{C13D156F-2AB1-4426-8ADB-3D93A8C2B499}"
EndProject
Project("{FAE04EC0-301F-11D3-BF4B-00C04F79EFBC}") = "General.ToolBox.UnitTest", "General.ToolBox.UnitTest\General.ToolBox.UnitTest.csproj", "{D69200AA-871E-4262-AB7D-3D6DDE4336C7}"
EndProject
Project("{FAE04EC0-301F-11D3-BF4B-00C04F79EFBC}") = "CoffeeMachine.DataProvider.UnitTest", "CoffeeMachine.DataProvider.UnitTest\CoffeeMachine.DataProvider.UnitTest.csproj", "{75006EF3-437D-412C-97E3-459EA41CD155}"
EndProject
Project("{2150E333-8FDC-42A3-9474-1A3956D46DE8}") = "Unit Test", "Unit Test", "{2D88D811-FD03-4949-A3E8-CF8D25786384}"
EndProject
Global
	GlobalSection(SolutionConfigurationPlatforms) = preSolution
		Debug|Any CPU = Debug|Any CPU
		Debug|x86 = Debug|x86
		Release|Any CPU = Release|Any CPU
		Release|x86 = Release|x86
	EndGlobalSection
	GlobalSection(ProjectConfigurationPlatforms) = postSolution
		{D9F4EDD3-210D-4318-BE34-DE636A9EF1F7}.Debug|Any CPU.ActiveCfg = Debug|Any CPU
		{D9F4EDD3-210D-4318-BE34-DE636A9EF1F7}.Debug|Any CPU.Build.0 = Debug|Any CPU
		{D9F4EDD3-210D-4318-BE34-DE636A9EF1F7}.Debug|x86.ActiveCfg = Debug|x86
		{D9F4EDD3-210D-4318-BE34-DE636A9EF1F7}.Debug|x86.Build.0 = Debug|x86
		{D9F4EDD3-210D-4318-BE34-DE636A9EF1F7}.Release|Any CPU.ActiveCfg = Release|Any CPU
		{D9F4EDD3-210D-4318-BE34-DE636A9EF1F7}.Release|Any CPU.Build.0 = Release|Any CPU
		{D9F4EDD3-210D-4318-BE34-DE636A9EF1F7}.Release|x86.ActiveCfg = Release|x86
		{D9F4EDD3-210D-4318-BE34-DE636A9EF1F7}.Release|x86.Build.0 = Release|x86
		{7FE4B8BC-A0EF-47D5-A356-4919798E479F}.Debug|Any CPU.ActiveCfg = Debug|Any CPU
		{7FE4B8BC-A0EF-47D5-A356-4919798E479F}.Debug|Any CPU.Build.0 = Debug|Any CPU
		{7FE4B8BC-A0EF-47D5-A356-4919798E479F}.Debug|x86.ActiveCfg = Debug|x86
		{7FE4B8BC-A0EF-47D5-A356-4919798E479F}.Debug|x86.Build.0 = Debug|x86
		{7FE4B8BC-A0EF-47D5-A356-4919798E479F}.Release|Any CPU.ActiveCfg = Release|Any CPU
		{7FE4B8BC-A0EF-47D5-A356-4919798E479F}.Release|Any CPU.Build.0 = Release|Any CPU
		{7FE4B8BC-A0EF-47D5-A356-4919798E479F}.Release|x86.ActiveCfg = Release|x86
		{7FE4B8BC-A0EF-47D5-A356-4919798E479F}.Release|x86.Build.0 = Release|x86
		{F415CF3A-0D16-4E8D-94AC-0D007227CF71}.Debug|Any CPU.ActiveCfg = Debug|Any CPU
		{F415CF3A-0D16-4E8D-94AC-0D007227CF71}.Debug|Any CPU.Build.0 = Debug|Any CPU
		{F415CF3A-0D16-4E8D-94AC-0D007227CF71}.Debug|x86.ActiveCfg = Debug|x86
		{F415CF3A-0D16-4E8D-94AC-0D007227CF71}.Debug|x86.Build.0 = Debug|x86
		{F415CF3A-0D16-4E8D-94AC-0D007227CF71}.Release|Any CPU.ActiveCfg = Release|Any CPU
		{F415CF3A-0D16-4E8D-94AC-0D007227CF71}.Release|Any CPU.Build.0 = Release|Any CPU
		{F415CF3A-0D16-4E8D-94AC-0D007227CF71}.Release|x86.ActiveCfg = Release|x86
		{F415CF3A-0D16-4E8D-94AC-0D007227CF71}.Release|x86.Build.0 = Release|x86
		{CE5F1807-1BF4-48D4-92CE-5797E6B8EFAB}.Debug|Any CPU.ActiveCfg = Debug|Any CPU
		{CE5F1807-1BF4-48D4-92CE-5797E6B8EFAB}.Debug|Any CPU.Build.0 = Debug|Any CPU
		{CE5F1807-1BF4-48D4-92CE-5797E6B8EFAB}.Debug|x86.ActiveCfg = Debug|Any CPU
		{CE5F1807-1BF4-48D4-92CE-5797E6B8EFAB}.Debug|x86.Build.0 = Debug|Any CPU
		{CE5F1807-1BF4-48D4-92CE-5797E6B8EFAB}.Release|Any CPU.ActiveCfg = Release|Any CPU
		{CE5F1807-1BF4-48D4-92CE-5797E6B8EFAB}.Release|Any CPU.Build.0 = Release|Any CPU
		{CE5F1807-1BF4-48D4-92CE-5797E6B8EFAB}.Release|x86.ActiveCfg = Release|Any CPU
		{CE5F1807-1BF4-48D4-92CE-5797E6B8EFAB}.Release|x86.Build.0 = Release|Any CPU
		{F585838A-1A5C-4B44-92CF-539CDDD2CDEC}.Debug|Any CPU.ActiveCfg = Debug|Any CPU
		{F585838A-1A5C-4B44-92CF-539CDDD2CDEC}.Debug|Any CPU.Build.0 = Debug|Any CPU
		{F585838A-1A5C-4B44-92CF-539CDDD2CDEC}.Debug|x86.ActiveCfg = Debug|Any CPU
		{F585838A-1A5C-4B44-92CF-539CDDD2CDEC}.Debug|x86.Build.0 = Debug|Any CPU
		{F585838A-1A5C-4B44-92CF-539CDDD2CDEC}.Release|Any CPU.ActiveCfg = Release|Any CPU
		{F585838A-1A5C-4B44-92CF-539CDDD2CDEC}.Release|Any CPU.Build.0 = Release|Any CPU
		{F585838A-1A5C-4B44-92CF-539CDDD2CDEC}.Release|x86.ActiveCfg = Release|Any CPU
		{F585838A-1A5C-4B44-92CF-539CDDD2CDEC}.Release|x86.Build.0 = Release|Any CPU
		{044E8C8F-C816-4077-BCE4-CA2DA73F8C96}.Debug|Any CPU.ActiveCfg = Debug|Any CPU
		{044E8C8F-C816-4077-BCE4-CA2DA73F8C96}.Debug|Any CPU.Build.0 = Debug|Any CPU
		{044E8C8F-C816-4077-BCE4-CA2DA73F8C96}.Debug|x86.ActiveCfg = Debug|x86
		{044E8C8F-C816-4077-BCE4-CA2DA73F8C96}.Debug|x86.Build.0 = Debug|x86
		{044E8C8F-C816-4077-BCE4-CA2DA73F8C96}.Release|Any CPU.ActiveCfg = Release|Any CPU
		{044E8C8F-C816-4077-BCE4-CA2DA73F8C96}.Release|Any CPU.Build.0 = Release|Any CPU
		{044E8C8F-C816-4077-BCE4-CA2DA73F8C96}.Release|x86.ActiveCfg = Release|x86
		{044E8C8F-C816-4077-BCE4-CA2DA73F8C96}.Release|x86.Build.0 = Release|x86
		{F6CA11AF-BA04-4308-914D-EE2BA619A9FA}.Debug|Any CPU.ActiveCfg = Debug|Any CPU
		{F6CA11AF-BA04-4308-914D-EE2BA619A9FA}.Debug|Any CPU.Build.0 = Debug|Any CPU
		{F6CA11AF-BA04-4308-914D-EE2BA619A9FA}.Debug|x86.ActiveCfg = Debug|x86
		{F6CA11AF-BA04-4308-914D-EE2BA619A9FA}.Debug|x86.Build.0 = Debug|x86
		{F6CA11AF-BA04-4308-914D-EE2BA619A9FA}.Release|Any CPU.ActiveCfg = Release|Any CPU
		{F6CA11AF-BA04-4308-914D-EE2BA619A9FA}.Release|Any CPU.Build.0 = Release|Any CPU
		{F6CA11AF-BA04-4308-914D-EE2BA619A9FA}.Release|x86.ActiveCfg = Release|x86
		{F6CA11AF-BA04-4308-914D-EE2BA619A9FA}.Release|x86.Build.0 = Release|x86
		{6B1BC8DC-E69A-4308-93DC-D06D51A77290}.Debug|Any CPU.ActiveCfg = Debug|Any CPU
		{6B1BC8DC-E69A-4308-93DC-D06D51A77290}.Debug|Any CPU.Build.0 = Debug|Any CPU
		{6B1BC8DC-E69A-4308-93DC-D06D51A77290}.Debug|x86.ActiveCfg = Debug|x86
		{6B1BC8DC-E69A-4308-93DC-D06D51A77290}.Debug|x86.Build.0 = Debug|x86
		{6B1BC8DC-E69A-4308-93DC-D06D51A77290}.Release|Any CPU.ActiveCfg = Release|Any CPU
		{6B1BC8DC-E69A-4308-93DC-D06D51A77290}.Release|Any CPU.Build.0 = Release|Any CPU
		{6B1BC8DC-E69A-4308-93DC-D06D51A77290}.Release|x86.ActiveCfg = Release|x86
		{6B1BC8DC-E69A-4308-93DC-D06D51A77290}.Release|x86.Build.0 = Release|x86
		{D9A8A283-5E84-45EA-AF4A-6E2B36075768}.Debug|Any CPU.ActiveCfg = Debug|Any CPU
		{D9A8A283-5E84-45EA-AF4A-6E2B36075768}.Debug|Any CPU.Build.0 = Debug|Any CPU
		{D9A8A283-5E84-45EA-AF4A-6E2B36075768}.Debug|x86.ActiveCfg = Debug|x86
		{D9A8A283-5E84-45EA-AF4A-6E2B36075768}.Debug|x86.Build.0 = Debug|x86
		{D9A8A283-5E84-45EA-AF4A-6E2B36075768}.Release|Any CPU.ActiveCfg = Release|Any CPU
		{D9A8A283-5E84-45EA-AF4A-6E2B36075768}.Release|Any CPU.Build.0 = Release|Any CPU
		{D9A8A283-5E84-45EA-AF4A-6E2B36075768}.Release|x86.ActiveCfg = Release|x86
		{D9A8A283-5E84-45EA-AF4A-6E2B36075768}.Release|x86.Build.0 = Release|x86
		{326ACC56-7AB5-475C-89D7-FF94B3DCF9C6}.Debug|Any CPU.ActiveCfg = Debug|Any CPU
		{326ACC56-7AB5-475C-89D7-FF94B3DCF9C6}.Debug|Any CPU.Build.0 = Debug|Any CPU
		{326ACC56-7AB5-475C-89D7-FF94B3DCF9C6}.Debug|x86.ActiveCfg = Debug|x86
		{326ACC56-7AB5-475C-89D7-FF94B3DCF9C6}.Debug|x86.Build.0 = Debug|x86
		{326ACC56-7AB5-475C-89D7-FF94B3DCF9C6}.Release|Any CPU.ActiveCfg = Release|Any CPU
		{326ACC56-7AB5-475C-89D7-FF94B3DCF9C6}.Release|Any CPU.Build.0 = Release|Any CPU
		{326ACC56-7AB5-475C-89D7-FF94B3DCF9C6}.Release|x86.ActiveCfg = Release|x86
		{326ACC56-7AB5-475C-89D7-FF94B3DCF9C6}.Release|x86.Build.0 = Release|x86
		{C13D156F-2AB1-4426-8ADB-3D93A8C2B499}.Debug|Any CPU.ActiveCfg = Debug|Any CPU
		{C13D156F-2AB1-4426-8ADB-3D93A8C2B499}.Debug|Any CPU.Build.0 = Debug|Any CPU
		{C13D156F-2AB1-4426-8ADB-3D93A8C2B499}.Debug|x86.ActiveCfg = Debug|Any CPU
		{C13D156F-2AB1-4426-8ADB-3D93A8C2B499}.Debug|x86.Build.0 = Debug|Any CPU
		{C13D156F-2AB1-4426-8ADB-3D93A8C2B499}.Release|Any CPU.ActiveCfg = Release|Any CPU
		{C13D156F-2AB1-4426-8ADB-3D93A8C2B499}.Release|Any CPU.Build.0 = Release|Any CPU
		{C13D156F-2AB1-4426-8ADB-3D93A8C2B499}.Release|x86.ActiveCfg = Release|Any CPU
		{C13D156F-2AB1-4426-8ADB-3D93A8C2B499}.Release|x86.Build.0 = Release|Any CPU
		{D69200AA-871E-4262-AB7D-3D6DDE4336C7}.Debug|Any CPU.ActiveCfg = Debug|Any CPU
		{D69200AA-871E-4262-AB7D-3D6DDE4336C7}.Debug|Any CPU.Build.0 = Debug|Any CPU
		{D69200AA-871E-4262-AB7D-3D6DDE4336C7}.Debug|x86.ActiveCfg = Debug|Any CPU
		{D69200AA-871E-4262-AB7D-3D6DDE4336C7}.Debug|x86.Build.0 = Debug|Any CPU
		{D69200AA-871E-4262-AB7D-3D6DDE4336C7}.Release|Any CPU.ActiveCfg = Release|Any CPU
		{D69200AA-871E-4262-AB7D-3D6DDE4336C7}.Release|Any CPU.Build.0 = Release|Any CPU
		{D69200AA-871E-4262-AB7D-3D6DDE4336C7}.Release|x86.ActiveCfg = Release|Any CPU
		{D69200AA-871E-4262-AB7D-3D6DDE4336C7}.Release|x86.Build.0 = Release|Any CPU
		{75006EF3-437D-412C-97E3-459EA41CD155}.Debug|Any CPU.ActiveCfg = Debug|Any CPU
		{75006EF3-437D-412C-97E3-459EA41CD155}.Debug|Any CPU.Build.0 = Debug|Any CPU
		{75006EF3-437D-412C-97E3-459EA41CD155}.Debug|x86.ActiveCfg = Debug|Any CPU
		{75006EF3-437D-412C-97E3-459EA41CD155}.Debug|x86.Build.0 = Debug|Any CPU
		{75006EF3-437D-412C-97E3-459EA41CD155}.Release|Any CPU.ActiveCfg = Release|Any CPU
		{75006EF3-437D-412C-97E3-459EA41CD155}.Release|Any CPU.Build.0 = Release|Any CPU
		{75006EF3-437D-412C-97E3-459EA41CD155}.Release|x86.ActiveCfg = Release|Any CPU
		{75006EF3-437D-412C-97E3-459EA41CD155}.Release|x86.Build.0 = Release|Any CPU
	EndGlobalSection
	GlobalSection(SolutionProperties) = preSolution
		HideSolutionNode = FALSE
	EndGlobalSection
	GlobalSection(NestedProjects) = preSolution
		{7FE4B8BC-A0EF-47D5-A356-4919798E479F} = {96824FF3-2E48-401A-86EF-27CF1A9B42EE}
		{CE5F1807-1BF4-48D4-92CE-5797E6B8EFAB} = {977E3BE2-FA88-4526-A8BD-1851C23F5A50}
		{F585838A-1A5C-4B44-92CF-539CDDD2CDEC} = {977E3BE2-FA88-4526-A8BD-1851C23F5A50}
		{044E8C8F-C816-4077-BCE4-CA2DA73F8C96} = {AA92C8B1-E664-41E3-BFA0-39409155F452}
		{F6CA11AF-BA04-4308-914D-EE2BA619A9FA} = {AA92C8B1-E664-41E3-BFA0-39409155F452}
		{6B1BC8DC-E69A-4308-93DC-D06D51A77290} = {AA92C8B1-E664-41E3-BFA0-39409155F452}
		{D9A8A283-5E84-45EA-AF4A-6E2B36075768} = {96824FF3-2E48-401A-86EF-27CF1A9B42EE}
		{D69200AA-871E-4262-AB7D-3D6DDE4336C7} = {2D88D811-FD03-4949-A3E8-CF8D25786384}
		{75006EF3-437D-412C-97E3-459EA41CD155} = {2D88D811-FD03-4949-A3E8-CF8D25786384}
	EndGlobalSection
	GlobalSection(ExtensibilityGlobals) = postSolution
		SolutionGuid = {EB27F087-6777-4A52-B1F0-3CF43D99DB30}
	EndGlobalSection
EndGlobal
